// !$*UTF8*$!
{
	archiveVersion = 1;
	classes = {
	};
	objectVersion = 55;
	objects = {

/* Begin PBXBuildFile section */
		6F31E9FE27E9979A00659880 /* CustomCollectionViewCell.swift in Sources */ = {isa = PBXBuildFile; fileRef = 6F31E9FD27E9979A00659880 /* CustomCollectionViewCell.swift */; };
		6F31EA0227ED58D000659880 /* DoodleViewController.swift in Sources */ = {isa = PBXBuildFile; fileRef = 6F31EA0127ED58D000659880 /* DoodleViewController.swift */; };
		6F31EA0427ED603E00659880 /* doodle.json in Resources */ = {isa = PBXBuildFile; fileRef = 6F31EA0327ED603D00659880 /* doodle.json */; };
		6F31EA0727ED611200659880 /* Doodle.swift in Sources */ = {isa = PBXBuildFile; fileRef = 6F31EA0627ED611200659880 /* Doodle.swift */; };
		6F31EA0927ED85E500659880 /* CustomImageDownloadManager.swift in Sources */ = {isa = PBXBuildFile; fileRef = 6F31EA0827ED85E500659880 /* CustomImageDownloadManager.swift */; };
		B557E9D527F574E100448EC6 /* PhotoManagable.swift in Sources */ = {isa = PBXBuildFile; fileRef = B557E9D427F574E100448EC6 /* PhotoManagable.swift */; };
		B5C471D927E9692C00E6D827 /* AppDelegate.swift in Sources */ = {isa = PBXBuildFile; fileRef = B5C471D827E9692C00E6D827 /* AppDelegate.swift */; };
		B5C471DB27E9692C00E6D827 /* SceneDelegate.swift in Sources */ = {isa = PBXBuildFile; fileRef = B5C471DA27E9692C00E6D827 /* SceneDelegate.swift */; };
		B5C471DD27E9692C00E6D827 /* ViewController.swift in Sources */ = {isa = PBXBuildFile; fileRef = B5C471DC27E9692C00E6D827 /* ViewController.swift */; };
		B5C471E027E9692C00E6D827 /* Main.storyboard in Resources */ = {isa = PBXBuildFile; fileRef = B5C471DE27E9692C00E6D827 /* Main.storyboard */; };
		B5C471E227E9692E00E6D827 /* Assets.xcassets in Resources */ = {isa = PBXBuildFile; fileRef = B5C471E127E9692E00E6D827 /* Assets.xcassets */; };
		B5C471E527E9692E00E6D827 /* LaunchScreen.storyboard in Resources */ = {isa = PBXBuildFile; fileRef = B5C471E327E9692E00E6D827 /* LaunchScreen.storyboard */; };
		B5DC626D27EC3BF1005087C6 /* CustomPhotoManager.swift in Sources */ = {isa = PBXBuildFile; fileRef = B5DC626C27EC3BF1005087C6 /* CustomPhotoManager.swift */; };
		B5DC626F27EDA1C0005087C6 /* CustomDooleCollectionViewCell.swift in Sources */ = {isa = PBXBuildFile; fileRef = B5DC626E27EDA1C0005087C6 /* CustomDooleCollectionViewCell.swift */; };
/* End PBXBuildFile section */

/* Begin PBXFileReference section */
		6F31E9FD27E9979A00659880 /* CustomCollectionViewCell.swift */ = {isa = PBXFileReference; lastKnownFileType = sourcecode.swift; path = CustomCollectionViewCell.swift; sourceTree = "<group>"; };
		6F31EA0127ED58D000659880 /* DoodleViewController.swift */ = {isa = PBXFileReference; lastKnownFileType = sourcecode.swift; path = DoodleViewController.swift; sourceTree = "<group>"; };
		6F31EA0327ED603D00659880 /* doodle.json */ = {isa = PBXFileReference; fileEncoding = 4; lastKnownFileType = text.json; path = doodle.json; sourceTree = "<group>"; };
		6F31EA0627ED611200659880 /* Doodle.swift */ = {isa = PBXFileReference; lastKnownFileType = sourcecode.swift; path = Doodle.swift; sourceTree = "<group>"; };
		6F31EA0827ED85E500659880 /* CustomImageDownloadManager.swift */ = {isa = PBXFileReference; lastKnownFileType = sourcecode.swift; path = CustomImageDownloadManager.swift; sourceTree = "<group>"; };
		B557E9D427F574E100448EC6 /* PhotoManagable.swift */ = {isa = PBXFileReference; lastKnownFileType = sourcecode.swift; path = PhotoManagable.swift; sourceTree = "<group>"; };
		B5C471D527E9692C00E6D827 /* PhotoAlbum.app */ = {isa = PBXFileReference; explicitFileType = wrapper.application; includeInIndex = 0; path = PhotoAlbum.app; sourceTree = BUILT_PRODUCTS_DIR; };
		B5C471D827E9692C00E6D827 /* AppDelegate.swift */ = {isa = PBXFileReference; lastKnownFileType = sourcecode.swift; path = AppDelegate.swift; sourceTree = "<group>"; };
		B5C471DA27E9692C00E6D827 /* SceneDelegate.swift */ = {isa = PBXFileReference; lastKnownFileType = sourcecode.swift; path = SceneDelegate.swift; sourceTree = "<group>"; };
		B5C471DC27E9692C00E6D827 /* ViewController.swift */ = {isa = PBXFileReference; lastKnownFileType = sourcecode.swift; path = ViewController.swift; sourceTree = "<group>"; };
		B5C471DF27E9692C00E6D827 /* Base */ = {isa = PBXFileReference; lastKnownFileType = file.storyboard; name = Base; path = Base.lproj/Main.storyboard; sourceTree = "<group>"; };
		B5C471E127E9692E00E6D827 /* Assets.xcassets */ = {isa = PBXFileReference; lastKnownFileType = folder.assetcatalog; path = Assets.xcassets; sourceTree = "<group>"; };
		B5C471E427E9692E00E6D827 /* Base */ = {isa = PBXFileReference; lastKnownFileType = file.storyboard; name = Base; path = Base.lproj/LaunchScreen.storyboard; sourceTree = "<group>"; };
		B5C471E627E9692E00E6D827 /* Info.plist */ = {isa = PBXFileReference; lastKnownFileType = text.plist.xml; path = Info.plist; sourceTree = "<group>"; };
		B5DC626C27EC3BF1005087C6 /* CustomPhotoManager.swift */ = {isa = PBXFileReference; lastKnownFileType = sourcecode.swift; path = CustomPhotoManager.swift; sourceTree = "<group>"; };
		B5DC626E27EDA1C0005087C6 /* CustomDooleCollectionViewCell.swift */ = {isa = PBXFileReference; lastKnownFileType = sourcecode.swift; path = CustomDooleCollectionViewCell.swift; sourceTree = "<group>"; };
/* End PBXFileReference section */

/* Begin PBXFrameworksBuildPhase section */
		B5C471D227E9692C00E6D827 /* Frameworks */ = {
			isa = PBXFrameworksBuildPhase;
			buildActionMask = 2147483647;
			files = (
			);
			runOnlyForDeploymentPostprocessing = 0;
		};
/* End PBXFrameworksBuildPhase section */

/* Begin PBXGroup section */
		6F31EA0527ED605500659880 /* Resource */ = {
			isa = PBXGroup;
			children = (
				6F31EA0327ED603D00659880 /* doodle.json */,
			);
			path = Resource;
			sourceTree = "<group>";
		};
		B557E9D227F5728000448EC6 /* Doodle */ = {
			isa = PBXGroup;
			children = (
				6F31EA0127ED58D000659880 /* DoodleViewController.swift */,
				B5DC626E27EDA1C0005087C6 /* CustomDooleCollectionViewCell.swift */,
				6F31EA0827ED85E500659880 /* CustomImageDownloadManager.swift */,
				6F31EA0627ED611200659880 /* Doodle.swift */,
			);
			path = Doodle;
			sourceTree = "<group>";
		};
		B557E9D327F5729C00448EC6 /* Photo */ = {
			isa = PBXGroup;
			children = (
				B5C471DC27E9692C00E6D827 /* ViewController.swift */,
				6F31E9FD27E9979A00659880 /* CustomCollectionViewCell.swift */,
				B5DC626C27EC3BF1005087C6 /* CustomPhotoManager.swift */,
				B557E9D427F574E100448EC6 /* PhotoManagable.swift */,
			);
			path = Photo;
			sourceTree = "<group>";
		};
		B5C471CC27E9692C00E6D827 = {
			isa = PBXGroup;
			children = (
				B5C471D727E9692C00E6D827 /* PhotoAlbum */,
				B5C471D627E9692C00E6D827 /* Products */,
			);
			sourceTree = "<group>";
		};
		B5C471D627E9692C00E6D827 /* Products */ = {
			isa = PBXGroup;
			children = (
				B5C471D527E9692C00E6D827 /* PhotoAlbum.app */,
			);
			name = Products;
			sourceTree = "<group>";
		};
		B5C471D727E9692C00E6D827 /* PhotoAlbum */ = {
			isa = PBXGroup;
			children = (
				B557E9D327F5729C00448EC6 /* Photo */,
				B557E9D227F5728000448EC6 /* Doodle */,
				6F31EA0527ED605500659880 /* Resource */,
				B5C471D827E9692C00E6D827 /* AppDelegate.swift */,
				B5C471DA27E9692C00E6D827 /* SceneDelegate.swift */,
				B5C471DE27E9692C00E6D827 /* Main.storyboard */,
				B5C471E127E9692E00E6D827 /* Assets.xcassets */,
				B5C471E327E9692E00E6D827 /* LaunchScreen.storyboard */,
				B5C471E627E9692E00E6D827 /* Info.plist */,
			);
			path = PhotoAlbum;
			sourceTree = "<group>";
		};
/* End PBXGroup section */

/* Begin PBXNativeTarget section */
		B5C471D427E9692C00E6D827 /* PhotoAlbum */ = {
			isa = PBXNativeTarget;
			buildConfigurationList = B5C471E927E9692E00E6D827 /* Build configuration list for PBXNativeTarget "PhotoAlbum" */;
			buildPhases = (
				B5C471D127E9692C00E6D827 /* Sources */,
				B5C471D227E9692C00E6D827 /* Frameworks */,
				B5C471D327E9692C00E6D827 /* Resources */,
			);
			buildRules = (
			);
			dependencies = (
			);
			name = PhotoAlbum;
			productName = PhotoAlbum;
			productReference = B5C471D527E9692C00E6D827 /* PhotoAlbum.app */;
			productType = "com.apple.product-type.application";
		};
/* End PBXNativeTarget section */

/* Begin PBXProject section */
		B5C471CD27E9692C00E6D827 /* Project object */ = {
			isa = PBXProject;
			attributes = {
				BuildIndependentTargetsInParallel = 1;
				LastSwiftUpdateCheck = 1330;
				LastUpgradeCheck = 1330;
				TargetAttributes = {
					B5C471D427E9692C00E6D827 = {
						CreatedOnToolsVersion = 13.3;
					};
				};
			};
			buildConfigurationList = B5C471D027E9692C00E6D827 /* Build configuration list for PBXProject "PhotoAlbum" */;
			compatibilityVersion = "Xcode 13.0";
			developmentRegion = en;
			hasScannedForEncodings = 0;
			knownRegions = (
				en,
				Base,
			);
			mainGroup = B5C471CC27E9692C00E6D827;
			productRefGroup = B5C471D627E9692C00E6D827 /* Products */;
			projectDirPath = "";
			projectRoot = "";
			targets = (
				B5C471D427E9692C00E6D827 /* PhotoAlbum */,
			);
		};
/* End PBXProject section */

/* Begin PBXResourcesBuildPhase section */
		B5C471D327E9692C00E6D827 /* Resources */ = {
			isa = PBXResourcesBuildPhase;
			buildActionMask = 2147483647;
			files = (
				B5C471E527E9692E00E6D827 /* LaunchScreen.storyboard in Resources */,
				B5C471E227E9692E00E6D827 /* Assets.xcassets in Resources */,
				6F31EA0427ED603E00659880 /* doodle.json in Resources */,
				B5C471E027E9692C00E6D827 /* Main.storyboard in Resources */,
			);
			runOnlyForDeploymentPostprocessing = 0;
		};
/* End PBXResourcesBuildPhase section */

/* Begin PBXSourcesBuildPhase section */
		B5C471D127E9692C00E6D827 /* Sources */ = {
			isa = PBXSourcesBuildPhase;
			buildActionMask = 2147483647;
			files = (
				6F31EA0927ED85E500659880 /* CustomImageDownloadManager.swift in Sources */,
				B5DC626F27EDA1C0005087C6 /* CustomDooleCollectionViewCell.swift in Sources */,
				B5C471DD27E9692C00E6D827 /* ViewController.swift in Sources */,
				6F31EA0227ED58D000659880 /* DoodleViewController.swift in Sources */,
				6F31EA0727ED611200659880 /* Doodle.swift in Sources */,
				B5C471D927E9692C00E6D827 /* AppDelegate.swift in Sources */,
				B557E9D527F574E100448EC6 /* PhotoManagable.swift in Sources */,
				B5C471DB27E9692C00E6D827 /* SceneDelegate.swift in Sources */,
				B5DC626D27EC3BF1005087C6 /* CustomPhotoManager.swift in Sources */,
				6F31E9FE27E9979A00659880 /* CustomCollectionViewCell.swift in Sources */,
			);
			runOnlyForDeploymentPostprocessing = 0;
		};
/* End PBXSourcesBuildPhase section */

/* Begin PBXVariantGroup section */
		B5C471DE27E9692C00E6D827 /* Main.storyboard */ = {
			isa = PBXVariantGroup;
			children = (
				B5C471DF27E9692C00E6D827 /* Base */,
			);
			name = Main.storyboard;
			sourceTree = "<group>";
		};
		B5C471E327E9692E00E6D827 /* LaunchScreen.storyboard */ = {
			isa = PBXVariantGroup;
			children = (
				B5C471E427E9692E00E6D827 /* Base */,
			);
			name = LaunchScreen.storyboard;
			sourceTree = "<group>";
		};
/* End PBXVariantGroup section */

/* Begin XCBuildConfiguration section */
		B5C471E727E9692E00E6D827 /* Debug */ = {
			isa = XCBuildConfiguration;
			buildSettings = {
				ALWAYS_SEARCH_USER_PATHS = NO;
				CLANG_ANALYZER_NONNULL = YES;
				CLANG_ANALYZER_NUMBER_OBJECT_CONVERSION = YES_AGGRESSIVE;
				CLANG_CXX_LANGUAGE_STANDARD = "gnu++17";
				CLANG_ENABLE_MODULES = YES;
				CLANG_ENABLE_OBJC_ARC = YES;
				CLANG_ENABLE_OBJC_WEAK = YES;
				CLANG_WARN_BLOCK_CAPTURE_AUTORELEASING = YES;
				CLANG_WARN_BOOL_CONVERSION = YES;
				CLANG_WARN_COMMA = YES;
				CLANG_WARN_CONSTANT_CONVERSION = YES;
				CLANG_WARN_DEPRECATED_OBJC_IMPLEMENTATIONS = YES;
				CLANG_WARN_DIRECT_OBJC_ISA_USAGE = YES_ERROR;
				CLANG_WARN_DOCUMENTATION_COMMENTS = YES;
				CLANG_WARN_EMPTY_BODY = YES;
				CLANG_WARN_ENUM_CONVERSION = YES;
				CLANG_WARN_INFINITE_RECURSION = YES;
				CLANG_WARN_INT_CONVERSION = YES;
				CLANG_WARN_NON_LITERAL_NULL_CONVERSION = YES;
				CLANG_WARN_OBJC_IMPLICIT_RETAIN_SELF = YES;
				CLANG_WARN_OBJC_LITERAL_CONVERSION = YES;
				CLANG_WARN_OBJC_ROOT_CLASS = YES_ERROR;
				CLANG_WARN_QUOTED_INCLUDE_IN_FRAMEWORK_HEADER = YES;
				CLANG_WARN_RANGE_LOOP_ANALYSIS = YES;
				CLANG_WARN_STRICT_PROTOTYPES = YES;
				CLANG_WARN_SUSPICIOUS_MOVE = YES;
				CLANG_WARN_UNGUARDED_AVAILABILITY = YES_AGGRESSIVE;
				CLANG_WARN_UNREACHABLE_CODE = YES;
				CLANG_WARN__DUPLICATE_METHOD_MATCH = YES;
				COPY_PHASE_STRIP = NO;
				DEBUG_INFORMATION_FORMAT = dwarf;
				ENABLE_STRICT_OBJC_MSGSEND = YES;
				ENABLE_TESTABILITY = YES;
				GCC_C_LANGUAGE_STANDARD = gnu11;
				GCC_DYNAMIC_NO_PIC = NO;
				GCC_NO_COMMON_BLOCKS = YES;
				GCC_OPTIMIZATION_LEVEL = 0;
				GCC_PREPROCESSOR_DEFINITIONS = (
					"DEBUG=1",
					"$(inherited)",
				);
				GCC_WARN_64_TO_32_BIT_CONVERSION = YES;
				GCC_WARN_ABOUT_RETURN_TYPE = YES_ERROR;
				GCC_WARN_UNDECLARED_SELECTOR = YES;
				GCC_WARN_UNINITIALIZED_AUTOS = YES_AGGRESSIVE;
				GCC_WARN_UNUSED_FUNCTION = YES;
				GCC_WARN_UNUSED_VARIABLE = YES;
				IPHONEOS_DEPLOYMENT_TARGET = 15.2;
				MTL_ENABLE_DEBUG_INFO = INCLUDE_SOURCE;
				MTL_FAST_MATH = YES;
				ONLY_ACTIVE_ARCH = YES;
				SDKROOT = iphoneos;
				SWIFT_ACTIVE_COMPILATION_CONDITIONS = DEBUG;
				SWIFT_OPTIMIZATION_LEVEL = "-Onone";
			};
			name = Debug;
		};
		B5C471E827E9692E00E6D827 /* Release */ = {
			isa = XCBuildConfiguration;
			buildSettings = {
				ALWAYS_SEARCH_USER_PATHS = NO;
				CLANG_ANALYZER_NONNULL = YES;
				CLANG_ANALYZER_NUMBER_OBJECT_CONVERSION = YES_AGGRESSIVE;
				CLANG_CXX_LANGUAGE_STANDARD = "gnu++17";
				CLANG_ENABLE_MODULES = YES;
				CLANG_ENABLE_OBJC_ARC = YES;
				CLANG_ENABLE_OBJC_WEAK = YES;
				CLANG_WARN_BLOCK_CAPTURE_AUTORELEASING = YES;
				CLANG_WARN_BOOL_CONVERSION = YES;
				CLANG_WARN_COMMA = YES;
				CLANG_WARN_CONSTANT_CONVERSION = YES;
				CLANG_WARN_DEPRECATED_OBJC_IMPLEMENTATIONS = YES;
				CLANG_WARN_DIRECT_OBJC_ISA_USAGE = YES_ERROR;
				CLANG_WARN_DOCUMENTATION_COMMENTS = YES;
				CLANG_WARN_EMPTY_BODY = YES;
				CLANG_WARN_ENUM_CONVERSION = YES;
				CLANG_WARN_INFINITE_RECURSION = YES;
				CLANG_WARN_INT_CONVERSION = YES;
				CLANG_WARN_NON_LITERAL_NULL_CONVERSION = YES;
				CLANG_WARN_OBJC_IMPLICIT_RETAIN_SELF = YES;
				CLANG_WARN_OBJC_LITERAL_CONVERSION = YES;
				CLANG_WARN_OBJC_ROOT_CLASS = YES_ERROR;
				CLANG_WARN_QUOTED_INCLUDE_IN_FRAMEWORK_HEADER = YES;
				CLANG_WARN_RANGE_LOOP_ANALYSIS = YES;
				CLANG_WARN_STRICT_PROTOTYPES = YES;
				CLANG_WARN_SUSPICIOUS_MOVE = YES;
				CLANG_WARN_UNGUARDED_AVAILABILITY = YES_AGGRESSIVE;
				CLANG_WARN_UNREACHABLE_CODE = YES;
				CLANG_WARN__DUPLICATE_METHOD_MATCH = YES;
				COPY_PHASE_STRIP = NO;
				DEBUG_INFORMATION_FORMAT = "dwarf-with-dsym";
				ENABLE_NS_ASSERTIONS = NO;
				ENABLE_STRICT_OBJC_MSGSEND = YES;
				GCC_C_LANGUAGE_STANDARD = gnu11;
				GCC_NO_COMMON_BLOCKS = YES;
				GCC_WARN_64_TO_32_BIT_CONVERSION = YES;
				GCC_WARN_ABOUT_RETURN_TYPE = YES_ERROR;
				GCC_WARN_UNDECLARED_SELECTOR = YES;
				GCC_WARN_UNINITIALIZED_AUTOS = YES_AGGRESSIVE;
				GCC_WARN_UNUSED_FUNCTION = YES;
				GCC_WARN_UNUSED_VARIABLE = YES;
				IPHONEOS_DEPLOYMENT_TARGET = 15.2;
				MTL_ENABLE_DEBUG_INFO = NO;
				MTL_FAST_MATH = YES;
				SDKROOT = iphoneos;
				SWIFT_COMPILATION_MODE = wholemodule;
				SWIFT_OPTIMIZATION_LEVEL = "-O";
				VALIDATE_PRODUCT = YES;
			};
			name = Release;
		};
		B5C471EA27E9692E00E6D827 /* Debug */ = {
			isa = XCBuildConfiguration;
			buildSettings = {
				ASSETCATALOG_COMPILER_APPICON_NAME = AppIcon;
				ASSETCATALOG_COMPILER_GLOBAL_ACCENT_COLOR_NAME = AccentColor;
				CODE_SIGN_STYLE = Automatic;
				CURRENT_PROJECT_VERSION = 1;
				DEVELOPMENT_TEAM = "";
				GENERATE_INFOPLIST_FILE = YES;
				INFOPLIST_FILE = PhotoAlbum/Info.plist;
				INFOPLIST_KEY_UIApplicationSupportsIndirectInputEvents = YES;
				INFOPLIST_KEY_UILaunchStoryboardName = LaunchScreen;
				INFOPLIST_KEY_UIMainStoryboardFile = Main;
				INFOPLIST_KEY_UISupportedInterfaceOrientations_iPad = "UIInterfaceOrientationPortrait UIInterfaceOrientationPortraitUpsideDown UIInterfaceOrientationLandscapeLeft UIInterfaceOrientationLandscapeRight";
				INFOPLIST_KEY_UISupportedInterfaceOrientations_iPhone = "UIInterfaceOrientationPortrait UIInterfaceOrientationLandscapeLeft UIInterfaceOrientationLandscapeRight";
				LD_RUNPATH_SEARCH_PATHS = (
					"$(inherited)",
					"@executable_path/Frameworks",
				);
				MARKETING_VERSION = 1.0;
				PRODUCT_BUNDLE_IDENTIFIER = codesquad2022.ios.PhotoAlbum;
				PRODUCT_NAME = "$(TARGET_NAME)";
				SWIFT_EMIT_LOC_STRINGS = YES;
				SWIFT_VERSION = 5.0;
				TARGETED_DEVICE_FAMILY = "1,2";
			};
			name = Debug;
		};
		B5C471EB27E9692E00E6D827 /* Release */ = {
			isa = XCBuildConfiguration;
			buildSettings = {
				ASSETCATALOG_COMPILER_APPICON_NAME = AppIcon;
				ASSETCATALOG_COMPILER_GLOBAL_ACCENT_COLOR_NAME = AccentColor;
				CODE_SIGN_STYLE = Automatic;
				CURRENT_PROJECT_VERSION = 1;
				DEVELOPMENT_TEAM = "";
				GENERATE_INFOPLIST_FILE = YES;
				INFOPLIST_FILE = PhotoAlbum/Info.plist;
				INFOPLIST_KEY_UIApplicationSupportsIndirectInputEvents = YES;
				INFOPLIST_KEY_UILaunchStoryboardName = LaunchScreen;
				INFOPLIST_KEY_UIMainStoryboardFile = Main;
				INFOPLIST_KEY_UISupportedInterfaceOrientations_iPad = "UIInterfaceOrientationPortrait UIInterfaceOrientationPortraitUpsideDown UIInterfaceOrientationLandscapeLeft UIInterfaceOrientationLandscapeRight";
				INFOPLIST_KEY_UISupportedInterfaceOrientations_iPhone = "UIInterfaceOrientationPortrait UIInterfaceOrientationLandscapeLeft UIInterfaceOrientationLandscapeRight";
				LD_RUNPATH_SEARCH_PATHS = (
					"$(inherited)",
					"@executable_path/Frameworks",
				);
				MARKETING_VERSION = 1.0;
				PRODUCT_BUNDLE_IDENTIFIER = codesquad2022.ios.PhotoAlbum;
				PRODUCT_NAME = "$(TARGET_NAME)";
				SWIFT_EMIT_LOC_STRINGS = YES;
				SWIFT_VERSION = 5.0;
				TARGETED_DEVICE_FAMILY = "1,2";
			};
			name = Release;
		};
/* End XCBuildConfiguration section */

/* Begin XCConfigurationList section */
		B5C471D027E9692C00E6D827 /* Build configuration list for PBXProject "PhotoAlbum" */ = {
			isa = XCConfigurationList;
			buildConfigurations = (
				B5C471E727E9692E00E6D827 /* Debug */,
				B5C471E827E9692E00E6D827 /* Release */,
			);
			defaultConfigurationIsVisible = 0;
			defaultConfigurationName = Release;
		};
		B5C471E927E9692E00E6D827 /* Build configuration list for PBXNativeTarget "PhotoAlbum" */ = {
			isa = XCConfigurationList;
			buildConfigurations = (
				B5C471EA27E9692E00E6D827 /* Debug */,
				B5C471EB27E9692E00E6D827 /* Release */,
			);
			defaultConfigurationIsVisible = 0;
			defaultConfigurationName = Release;
		};
/* End XCConfigurationList section */
	};
	rootObject = B5C471CD27E9692C00E6D827 /* Project object */;
}
